
Microsoft Visual Studio Solution File, Format Version 12.00
# Visual Studio Version 17
VisualStudioVersion = 17.11.35431.28
MinimumVisualStudioVersion = 10.0.40219.1
Project("{9A19103F-16F7-4668-BE54-9A1E7A4F7556}") = "SyncExamples", "SyncExamples\SyncExamples.csproj", "{0C37D167-3BA7-49DA-BB61-C6FE076AE9A8}"
EndProject
Project("{9A19103F-16F7-4668-BE54-9A1E7A4F7556}") = "LockMonitor", "LockMonitor\LockMonitor.csproj", "{DF119BBC-671F-40B3-A9E3-E5745B6A634E}"
EndProject
Project("{9A19103F-16F7-4668-BE54-9A1E7A4F7556}") = "Mutex", "Mutex\Mutex.csproj", "{6817107B-0ABB-4C3D-84E5-AF370CA09DCF}"
EndProject
Project("{9A19103F-16F7-4668-BE54-9A1E7A4F7556}") = "Semaphore_SemaphoreSlim", "Semaphore_SemaphoreSlim\Semaphore_SemaphoreSlim.csproj", "{DAC3D7B3-C444-42DE-96F7-F41297FBCF89}"
EndProject
Project("{9A19103F-16F7-4668-BE54-9A1E7A4F7556}") = "ReaderWriterLock", "ReaderWriterLock\ReaderWriterLock.csproj", "{BBD82BB5-B121-4DE7-84D9-8D5DA591F33A}"
EndProject
Project("{9A19103F-16F7-4668-BE54-9A1E7A4F7556}") = "AutoResetEvent", "AutoResetEvent\AutoResetEvent.csproj", "{27854AFF-947D-4B4A-AB3C-DE5E929EC802}"
EndProject
Project("{FAE04EC0-301F-11D3-BF4B-00C04F79EFBC}") = "Barrier", "Barrier\Barrier.csproj", "{2C8E3C9B-9576-4950-8404-5762BF8C11B8}"
EndProject
Global
	GlobalSection(SolutionConfigurationPlatforms) = preSolution
		Debug|Any CPU = Debug|Any CPU
		Release|Any CPU = Release|Any CPU
	EndGlobalSection
	GlobalSection(ProjectConfigurationPlatforms) = postSolution
		{0C37D167-3BA7-49DA-BB61-C6FE076AE9A8}.Debug|Any CPU.ActiveCfg = Debug|Any CPU
		{0C37D167-3BA7-49DA-BB61-C6FE076AE9A8}.Debug|Any CPU.Build.0 = Debug|Any CPU
		{0C37D167-3BA7-49DA-BB61-C6FE076AE9A8}.Release|Any CPU.ActiveCfg = Release|Any CPU
		{0C37D167-3BA7-49DA-BB61-C6FE076AE9A8}.Release|Any CPU.Build.0 = Release|Any CPU
		{DF119BBC-671F-40B3-A9E3-E5745B6A634E}.Debug|Any CPU.ActiveCfg = Debug|Any CPU
		{DF119BBC-671F-40B3-A9E3-E5745B6A634E}.Debug|Any CPU.Build.0 = Debug|Any CPU
		{DF119BBC-671F-40B3-A9E3-E5745B6A634E}.Release|Any CPU.ActiveCfg = Release|Any CPU
		{DF119BBC-671F-40B3-A9E3-E5745B6A634E}.Release|Any CPU.Build.0 = Release|Any CPU
		{6817107B-0ABB-4C3D-84E5-AF370CA09DCF}.Debug|Any CPU.ActiveCfg = Debug|Any CPU
		{6817107B-0ABB-4C3D-84E5-AF370CA09DCF}.Debug|Any CPU.Build.0 = Debug|Any CPU
		{6817107B-0ABB-4C3D-84E5-AF370CA09DCF}.Release|Any CPU.ActiveCfg = Release|Any CPU
		{6817107B-0ABB-4C3D-84E5-AF370CA09DCF}.Release|Any CPU.Build.0 = Release|Any CPU
		{DAC3D7B3-C444-42DE-96F7-F41297FBCF89}.Debug|Any CPU.ActiveCfg = Debug|Any CPU
		{DAC3D7B3-C444-42DE-96F7-F41297FBCF89}.Debug|Any CPU.Build.0 = Debug|Any CPU
		{DAC3D7B3-C444-42DE-96F7-F41297FBCF89}.Release|Any CPU.ActiveCfg = Release|Any CPU
		{DAC3D7B3-C444-42DE-96F7-F41297FBCF89}.Release|Any CPU.Build.0 = Release|Any CPU
		{BBD82BB5-B121-4DE7-84D9-8D5DA591F33A}.Debug|Any CPU.ActiveCfg = Debug|Any CPU
		{BBD82BB5-B121-4DE7-84D9-8D5DA591F33A}.Debug|Any CPU.Build.0 = Debug|Any CPU
		{BBD82BB5-B121-4DE7-84D9-8D5DA591F33A}.Release|Any CPU.ActiveCfg = Release|Any CPU
		{BBD82BB5-B121-4DE7-84D9-8D5DA591F33A}.Release|Any CPU.Build.0 = Release|Any CPU
		{27854AFF-947D-4B4A-AB3C-DE5E929EC802}.Debug|Any CPU.ActiveCfg = Debug|Any CPU
		{27854AFF-947D-4B4A-AB3C-DE5E929EC802}.Debug|Any CPU.Build.0 = Debug|Any CPU
		{27854AFF-947D-4B4A-AB3C-DE5E929EC802}.Release|Any CPU.ActiveCfg = Release|Any CPU
		{27854AFF-947D-4B4A-AB3C-DE5E929EC802}.Release|Any CPU.Build.0 = Release|Any CPU
		{2C8E3C9B-9576-4950-8404-5762BF8C11B8}.Debug|Any CPU.ActiveCfg = Debug|Any CPU
		{2C8E3C9B-9576-4950-8404-5762BF8C11B8}.Debug|Any CPU.Build.0 = Debug|Any CPU
		{2C8E3C9B-9576-4950-8404-5762BF8C11B8}.Release|Any CPU.ActiveCfg = Release|Any CPU
		{2C8E3C9B-9576-4950-8404-5762BF8C11B8}.Release|Any CPU.Build.0 = Release|Any CPU
	EndGlobalSection
	GlobalSection(SolutionProperties) = preSolution
		HideSolutionNode = FALSE
	EndGlobalSection
	GlobalSection(ExtensibilityGlobals) = postSolution
		SolutionGuid = {52DF5E7C-219B-4A93-A72F-F18797F8E01B}
	EndGlobalSection
EndGlobal
